
Microsoft Visual Studio Solution File, Format Version 12.00
# Visual Studio Version 16
VisualStudioVersion = 16.0.31515.178
MinimumVisualStudioVersion = 10.0.40219.1
Project("{FAE04EC0-301F-11D3-BF4B-00C04F79EFBC}") = "ProductOperationsWF", "ProductOperationsWF\ProductOperationsWF.csproj", "{E0D81C41-4A28-4A77-A9C3-4544A8465938}"
EndProject
Global
	GlobalSection(SolutionConfigurationPlatforms) = preSolution
		Debug|Any CPU = Debug|Any CPU
		Release|Any CPU = Release|Any CPU
	EndGlobalSection
	GlobalSection(ProjectConfigurationPlatforms) = postSolution
		{E0D81C41-4A28-4A77-A9C3-4544A8465938}.Debug|Any CPU.ActiveCfg = Debug|Any CPU
		{E0D81C41-4A28-4A77-A9C3-4544A8465938}.Debug|Any CPU.Build.0 = Debug|Any CPU
		{E0D81C41-4A28-4A77-A9C3-4544A8465938}.Release|Any CPU.ActiveCfg = Release|Any CPU
		{E0D81C41-4A28-4A77-A9C3-4544A8465938}.Release|Any CPU.Build.0 = Release|Any CPU
	EndGlobalSection
	GlobalSection(SolutionProperties) = preSolution
		HideSolutionNode = FALSE
	EndGlobalSection
	GlobalSection(ExtensibilityGlobals) = postSolution
		SolutionGuid = {064AABDB-8D6F-4AEA-92A8-78EBB905BD0E}
	EndGlobalSection
EndGlobal
